
Microsoft Visual Studio Solution File, Format Version 12.00
# Visual Studio Version 17
VisualStudioVersion = 17.9.34310.174
MinimumVisualStudioVersion = 10.0.40219.1
Project("{9A19103F-16F7-4668-BE54-9A1E7A4F7556}") = "ActivityStitcher.Test", "RecordStitcher.Test\ActivityStitcher.Test.csproj", "{21F0A7CF-DF08-4FEF-AA3D-834FDBEF4953}"
EndProject
Project("{9A19103F-16F7-4668-BE54-9A1E7A4F7556}") = "ActivityStitcher", "ActivityStitcher\ActivityStitcher\ActivityStitcher.csproj", "{536D0484-0C20-44BB-9DAC-2B6BCE211030}"
EndProject
Project("{9A19103F-16F7-4668-BE54-9A1E7A4F7556}") = "ActivityStiticher.File", "ActivityStitcher.File\ActivityStiticher.File.csproj", "{7764A83A-3A92-45EA-87C7-103354E4939F}"
EndProject
Global
	GlobalSection(SolutionConfigurationPlatforms) = preSolution
		Debug|Any CPU = Debug|Any CPU
		Release|Any CPU = Release|Any CPU
	EndGlobalSection
	GlobalSection(ProjectConfigurationPlatforms) = postSolution
		{21F0A7CF-DF08-4FEF-AA3D-834FDBEF4953}.Debug|Any CPU.ActiveCfg = Debug|Any CPU
		{21F0A7CF-DF08-4FEF-AA3D-834FDBEF4953}.Debug|Any CPU.Build.0 = Debug|Any CPU
		{21F0A7CF-DF08-4FEF-AA3D-834FDBEF4953}.Release|Any CPU.ActiveCfg = Release|Any CPU
		{21F0A7CF-DF08-4FEF-AA3D-834FDBEF4953}.Release|Any CPU.Build.0 = Release|Any CPU
		{536D0484-0C20-44BB-9DAC-2B6BCE211030}.Debug|Any CPU.ActiveCfg = Debug|Any CPU
		{536D0484-0C20-44BB-9DAC-2B6BCE211030}.Debug|Any CPU.Build.0 = Debug|Any CPU
		{536D0484-0C20-44BB-9DAC-2B6BCE211030}.Release|Any CPU.ActiveCfg = Release|Any CPU
		{536D0484-0C20-44BB-9DAC-2B6BCE211030}.Release|Any CPU.Build.0 = Release|Any CPU
		{7764A83A-3A92-45EA-87C7-103354E4939F}.Debug|Any CPU.ActiveCfg = Debug|Any CPU
		{7764A83A-3A92-45EA-87C7-103354E4939F}.Debug|Any CPU.Build.0 = Debug|Any CPU
		{7764A83A-3A92-45EA-87C7-103354E4939F}.Release|Any CPU.ActiveCfg = Release|Any CPU
		{7764A83A-3A92-45EA-87C7-103354E4939F}.Release|Any CPU.Build.0 = Release|Any CPU
	EndGlobalSection
	GlobalSection(SolutionProperties) = preSolution
		HideSolutionNode = FALSE
	EndGlobalSection
	GlobalSection(ExtensibilityGlobals) = postSolution
		SolutionGuid = {D1DA73DF-7949-418B-986C-75359042A54F}
	EndGlobalSection
EndGlobal
